
Microsoft Visual Studio Solution File, Format Version 12.00
# Visual Studio Version 16
VisualStudioVersion = 16.0.30011.22
MinimumVisualStudioVersion = 10.0.40219.1
Project("{FAE04EC0-301F-11D3-BF4B-00C04F79EFBC}") = "UserServices", "UserServices\UserServices.csproj", "{1A120840-1DF3-4AAC-96C0-8126ABC53954}"
EndProject
Global
	GlobalSection(SolutionConfigurationPlatforms) = preSolution
		Debug|Any CPU = Debug|Any CPU
		Release|Any CPU = Release|Any CPU
	EndGlobalSection
	GlobalSection(ProjectConfigurationPlatforms) = postSolution
		{1A120840-1DF3-4AAC-96C0-8126ABC53954}.Debug|Any CPU.ActiveCfg = Debug|Any CPU
		{1A120840-1DF3-4AAC-96C0-8126ABC53954}.Debug|Any CPU.Build.0 = Debug|Any CPU
		{1A120840-1DF3-4AAC-96C0-8126ABC53954}.Release|Any CPU.ActiveCfg = Release|Any CPU
		{1A120840-1DF3-4AAC-96C0-8126ABC53954}.Release|Any CPU.Build.0 = Release|Any CPU
	EndGlobalSection
	GlobalSection(SolutionProperties) = preSolution
		HideSolutionNode = FALSE
	EndGlobalSection
	GlobalSection(ExtensibilityGlobals) = postSolution
		SolutionGuid = {354DFB0F-DE4A-4863-B992-15D46CD49FC6}
	EndGlobalSection
EndGlobal
